
Microsoft Visual Studio Solution File, Format Version 12.00
# Visual Studio Version 17
VisualStudioVersion = 17.4.33213.308
MinimumVisualStudioVersion = 10.0.40219.1
Project("{FAE04EC0-301F-11D3-BF4B-00C04F79EFBC}") = "WebApplication1", "WebApplication1\WebApplication1.csproj", "{23112AD3-0D11-4F96-B9C5-75275A6D1DDD}"
EndProject
Global
	GlobalSection(SolutionConfigurationPlatforms) = preSolution
		Debug|Any CPU = Debug|Any CPU
		Release|Any CPU = Release|Any CPU
	EndGlobalSection
	GlobalSection(ProjectConfigurationPlatforms) = postSolution
		{23112AD3-0D11-4F96-B9C5-75275A6D1DDD}.Debug|Any CPU.ActiveCfg = Debug|Any CPU
		{23112AD3-0D11-4F96-B9C5-75275A6D1DDD}.Debug|Any CPU.Build.0 = Debug|Any CPU
		{23112AD3-0D11-4F96-B9C5-75275A6D1DDD}.Release|Any CPU.ActiveCfg = Release|Any CPU
		{23112AD3-0D11-4F96-B9C5-75275A6D1DDD}.Release|Any CPU.Build.0 = Release|Any CPU
	EndGlobalSection
	GlobalSection(SolutionProperties) = preSolution
		HideSolutionNode = FALSE
	EndGlobalSection
	GlobalSection(ExtensibilityGlobals) = postSolution
		SolutionGuid = {C896B4BB-D456-4918-9405-C614EFB64D42}
	EndGlobalSection
EndGlobal
